
Microsoft Visual Studio Solution File, Format Version 12.00
# Visual Studio Version 17
VisualStudioVersion = 17.9.34622.214
MinimumVisualStudioVersion = 10.0.40219.1
Project("{FAE04EC0-301F-11D3-BF4B-00C04F79EFBC}") = "program", "lab10\program.csproj", "{23B39D36-3CD5-4719-88E9-34008EC58C6B}"
EndProject
Project("{FAE04EC0-301F-11D3-BF4B-00C04F79EFBC}") = "library", "library\library.csproj", "{47EE7362-CDFB-454F-8109-EF08E0726790}"
EndProject
Project("{FAE04EC0-301F-11D3-BF4B-00C04F79EFBC}") = "TestMethods", "TestMethods\TestMethods.csproj", "{E7546169-5865-4ADC-9343-821F66BC5966}"
EndProject
Global
	GlobalSection(SolutionConfigurationPlatforms) = preSolution
		Debug|Any CPU = Debug|Any CPU
		Release|Any CPU = Release|Any CPU
	EndGlobalSection
	GlobalSection(ProjectConfigurationPlatforms) = postSolution
		{23B39D36-3CD5-4719-88E9-34008EC58C6B}.Debug|Any CPU.ActiveCfg = Debug|Any CPU
		{23B39D36-3CD5-4719-88E9-34008EC58C6B}.Debug|Any CPU.Build.0 = Debug|Any CPU
		{23B39D36-3CD5-4719-88E9-34008EC58C6B}.Release|Any CPU.ActiveCfg = Release|Any CPU
		{23B39D36-3CD5-4719-88E9-34008EC58C6B}.Release|Any CPU.Build.0 = Release|Any CPU
		{47EE7362-CDFB-454F-8109-EF08E0726790}.Debug|Any CPU.ActiveCfg = Debug|Any CPU
		{47EE7362-CDFB-454F-8109-EF08E0726790}.Debug|Any CPU.Build.0 = Debug|Any CPU
		{47EE7362-CDFB-454F-8109-EF08E0726790}.Release|Any CPU.ActiveCfg = Release|Any CPU
		{47EE7362-CDFB-454F-8109-EF08E0726790}.Release|Any CPU.Build.0 = Release|Any CPU
		{E7546169-5865-4ADC-9343-821F66BC5966}.Debug|Any CPU.ActiveCfg = Debug|Any CPU
		{E7546169-5865-4ADC-9343-821F66BC5966}.Debug|Any CPU.Build.0 = Debug|Any CPU
		{E7546169-5865-4ADC-9343-821F66BC5966}.Release|Any CPU.ActiveCfg = Release|Any CPU
		{E7546169-5865-4ADC-9343-821F66BC5966}.Release|Any CPU.Build.0 = Release|Any CPU
	EndGlobalSection
	GlobalSection(SolutionProperties) = preSolution
		HideSolutionNode = FALSE
	EndGlobalSection
	GlobalSection(ExtensibilityGlobals) = postSolution
		SolutionGuid = {143619DE-B40B-4FA2-8869-6C6137CF4411}
	EndGlobalSection
EndGlobal
